
Microsoft Visual Studio Solution File, Format Version 12.00
# Visual Studio Version 17
VisualStudioVersion = 17.8.34525.116
MinimumVisualStudioVersion = 10.0.40219.1
Project("{FAE04EC0-301F-11D3-BF4B-00C04F79EFBC}") = "Lab_23", "Lab_23\Lab_23.csproj", "{51915246-5592-4984-BCF6-A132ED8F2142}"
EndProject
Global
	GlobalSection(SolutionConfigurationPlatforms) = preSolution
		Debug|Any CPU = Debug|Any CPU
		Release|Any CPU = Release|Any CPU
	EndGlobalSection
	GlobalSection(ProjectConfigurationPlatforms) = postSolution
		{51915246-5592-4984-BCF6-A132ED8F2142}.Debug|Any CPU.ActiveCfg = Debug|Any CPU
		{51915246-5592-4984-BCF6-A132ED8F2142}.Debug|Any CPU.Build.0 = Debug|Any CPU
		{51915246-5592-4984-BCF6-A132ED8F2142}.Release|Any CPU.ActiveCfg = Release|Any CPU
		{51915246-5592-4984-BCF6-A132ED8F2142}.Release|Any CPU.Build.0 = Release|Any CPU
	EndGlobalSection
	GlobalSection(SolutionProperties) = preSolution
		HideSolutionNode = FALSE
	EndGlobalSection
	GlobalSection(ExtensibilityGlobals) = postSolution
		SolutionGuid = {BAD73B39-76D5-43F7-961C-750089CF16D6}
	EndGlobalSection
EndGlobal
